
Microsoft Visual Studio Solution File, Format Version 12.00
# Visual Studio 14
VisualStudioVersion = 14.0.24720.0
MinimumVisualStudioVersion = 10.0.40219.1
Project("{FAE04EC0-301F-11D3-BF4B-00C04F79EFBC}") = "Server", "Server\Server.csproj", "{666C3E25-6283-407B-8AFD-C6B6378E567D}"
EndProject
Project("{FAE04EC0-301F-11D3-BF4B-00C04F79EFBC}") = "Client", "Client\Client.csproj", "{B2878952-8DF9-404A-96E4-05EF81F647DA}"
EndProject
Project("{FAE04EC0-301F-11D3-BF4B-00C04F79EFBC}") = "ServerTests", "ServerTests\ServerTests.csproj", "{AB117F0A-7B56-466D-AC3E-439E1AB037DA}"
EndProject
Global
	GlobalSection(SolutionConfigurationPlatforms) = preSolution
		Debug|Any CPU = Debug|Any CPU
		Release|Any CPU = Release|Any CPU
	EndGlobalSection
	GlobalSection(ProjectConfigurationPlatforms) = postSolution
		{666C3E25-6283-407B-8AFD-C6B6378E567D}.Debug|Any CPU.ActiveCfg = Debug|Any CPU
		{666C3E25-6283-407B-8AFD-C6B6378E567D}.Debug|Any CPU.Build.0 = Debug|Any CPU
		{666C3E25-6283-407B-8AFD-C6B6378E567D}.Release|Any CPU.ActiveCfg = Release|Any CPU
		{666C3E25-6283-407B-8AFD-C6B6378E567D}.Release|Any CPU.Build.0 = Release|Any CPU
		{B2878952-8DF9-404A-96E4-05EF81F647DA}.Debug|Any CPU.ActiveCfg = Debug|Any CPU
		{B2878952-8DF9-404A-96E4-05EF81F647DA}.Debug|Any CPU.Build.0 = Debug|Any CPU
		{B2878952-8DF9-404A-96E4-05EF81F647DA}.Release|Any CPU.ActiveCfg = Release|Any CPU
		{B2878952-8DF9-404A-96E4-05EF81F647DA}.Release|Any CPU.Build.0 = Release|Any CPU
		{AB117F0A-7B56-466D-AC3E-439E1AB037DA}.Debug|Any CPU.ActiveCfg = Debug|Any CPU
		{AB117F0A-7B56-466D-AC3E-439E1AB037DA}.Debug|Any CPU.Build.0 = Debug|Any CPU
		{AB117F0A-7B56-466D-AC3E-439E1AB037DA}.Release|Any CPU.ActiveCfg = Release|Any CPU
		{AB117F0A-7B56-466D-AC3E-439E1AB037DA}.Release|Any CPU.Build.0 = Release|Any CPU
	EndGlobalSection
	GlobalSection(SolutionProperties) = preSolution
		HideSolutionNode = FALSE
	EndGlobalSection
EndGlobal
